// !$*UTF8*$!
{
	archiveVersion = 1;
	classes = {
	};
	objectVersion = 55;
	objects = {

/* Begin PBXBuildFile section */
		401E32F929296C5C00D9AC7D /* AddAnimalViewController.swift in Sources */ = {isa = PBXBuildFile; fileRef = 401E32F829296C5C00D9AC7D /* AddAnimalViewController.swift */; };
		40244A7D292957D200BC2DB0 /* Zoo.swift in Sources */ = {isa = PBXBuildFile; fileRef = 40244A7C292957D200BC2DB0 /* Zoo.swift */; };
		40244A7F292957DC00BC2DB0 /* Keeper.swift in Sources */ = {isa = PBXBuildFile; fileRef = 40244A7E292957DC00BC2DB0 /* Keeper.swift */; };
		40244A81292957E400BC2DB0 /* Animal.swift in Sources */ = {isa = PBXBuildFile; fileRef = 40244A80292957E400BC2DB0 /* Animal.swift */; };
		40424425292410BC00FD124C /* AppDelegate.swift in Sources */ = {isa = PBXBuildFile; fileRef = 40424424292410BC00FD124C /* AppDelegate.swift */; };
		40424427292410BC00FD124C /* SceneDelegate.swift in Sources */ = {isa = PBXBuildFile; fileRef = 40424426292410BC00FD124C /* SceneDelegate.swift */; };
		40424429292410BC00FD124C /* HomeViewController.swift in Sources */ = {isa = PBXBuildFile; fileRef = 40424428292410BC00FD124C /* HomeViewController.swift */; };
		4042442C292410BC00FD124C /* Main.storyboard in Resources */ = {isa = PBXBuildFile; fileRef = 4042442A292410BC00FD124C /* Main.storyboard */; };
		4042442E292410BD00FD124C /* Assets.xcassets in Resources */ = {isa = PBXBuildFile; fileRef = 4042442D292410BD00FD124C /* Assets.xcassets */; };
		40424431292410BD00FD124C /* LaunchScreen.storyboard in Resources */ = {isa = PBXBuildFile; fileRef = 4042442F292410BD00FD124C /* LaunchScreen.storyboard */; };
		4052BDCA292A9F4300DACF65 /* AddKeeperViewController.swift in Sources */ = {isa = PBXBuildFile; fileRef = 4052BDC9292A9F4300DACF65 /* AddKeeperViewController.swift */; };
		4052BDCE292AA8CD00DACF65 /* KeepersAndAnimalsListViewController.swift in Sources */ = {isa = PBXBuildFile; fileRef = 4052BDCD292AA8CD00DACF65 /* KeepersAndAnimalsListViewController.swift */; };
		4052BDD3292AA9A900DACF65 /* CollectionViewCell.swift in Sources */ = {isa = PBXBuildFile; fileRef = 4052BDD1292AA9A900DACF65 /* CollectionViewCell.swift */; };
		4052BDD4292AA9A900DACF65 /* CollectionViewCell.xib in Resources */ = {isa = PBXBuildFile; fileRef = 4052BDD2292AA9A900DACF65 /* CollectionViewCell.xib */; };
/* End PBXBuildFile section */

/* Begin PBXFileReference section */
		401E32F829296C5C00D9AC7D /* AddAnimalViewController.swift */ = {isa = PBXFileReference; lastKnownFileType = sourcecode.swift; path = AddAnimalViewController.swift; sourceTree = "<group>"; };
		40244A7C292957D200BC2DB0 /* Zoo.swift */ = {isa = PBXFileReference; lastKnownFileType = sourcecode.swift; path = Zoo.swift; sourceTree = "<group>"; };
		40244A7E292957DC00BC2DB0 /* Keeper.swift */ = {isa = PBXFileReference; lastKnownFileType = sourcecode.swift; path = Keeper.swift; sourceTree = "<group>"; };
		40244A80292957E400BC2DB0 /* Animal.swift */ = {isa = PBXFileReference; lastKnownFileType = sourcecode.swift; path = Animal.swift; sourceTree = "<group>"; };
		40424421292410BC00FD124C /* ZooSoftware.app */ = {isa = PBXFileReference; explicitFileType = wrapper.application; includeInIndex = 0; path = ZooSoftware.app; sourceTree = BUILT_PRODUCTS_DIR; };
		40424424292410BC00FD124C /* AppDelegate.swift */ = {isa = PBXFileReference; lastKnownFileType = sourcecode.swift; path = AppDelegate.swift; sourceTree = "<group>"; };
		40424426292410BC00FD124C /* SceneDelegate.swift */ = {isa = PBXFileReference; lastKnownFileType = sourcecode.swift; path = SceneDelegate.swift; sourceTree = "<group>"; };
		40424428292410BC00FD124C /* HomeViewController.swift */ = {isa = PBXFileReference; lastKnownFileType = sourcecode.swift; path = HomeViewController.swift; sourceTree = "<group>"; };
		4042442B292410BC00FD124C /* Base */ = {isa = PBXFileReference; lastKnownFileType = file.storyboard; name = Base; path = Base.lproj/Main.storyboard; sourceTree = "<group>"; };
		4042442D292410BD00FD124C /* Assets.xcassets */ = {isa = PBXFileReference; lastKnownFileType = folder.assetcatalog; path = Assets.xcassets; sourceTree = "<group>"; };
		40424430292410BD00FD124C /* Base */ = {isa = PBXFileReference; lastKnownFileType = file.storyboard; name = Base; path = Base.lproj/LaunchScreen.storyboard; sourceTree = "<group>"; };
		40424432292410BD00FD124C /* Info.plist */ = {isa = PBXFileReference; lastKnownFileType = text.plist.xml; path = Info.plist; sourceTree = "<group>"; };
		4052BDC9292A9F4300DACF65 /* AddKeeperViewController.swift */ = {isa = PBXFileReference; lastKnownFileType = sourcecode.swift; path = AddKeeperViewController.swift; sourceTree = "<group>"; };
		4052BDCD292AA8CD00DACF65 /* KeepersAndAnimalsListViewController.swift */ = {isa = PBXFileReference; lastKnownFileType = sourcecode.swift; path = KeepersAndAnimalsListViewController.swift; sourceTree = "<group>"; };
		4052BDD1292AA9A900DACF65 /* CollectionViewCell.swift */ = {isa = PBXFileReference; lastKnownFileType = sourcecode.swift; path = CollectionViewCell.swift; sourceTree = "<group>"; };
		4052BDD2292AA9A900DACF65 /* CollectionViewCell.xib */ = {isa = PBXFileReference; lastKnownFileType = file.xib; path = CollectionViewCell.xib; sourceTree = "<group>"; };
/* End PBXFileReference section */

/* Begin PBXFrameworksBuildPhase section */
		4042441E292410BC00FD124C /* Frameworks */ = {
			isa = PBXFrameworksBuildPhase;
			buildActionMask = 2147483647;
			files = (
			);
			runOnlyForDeploymentPostprocessing = 0;
		};
/* End PBXFrameworksBuildPhase section */

/* Begin PBXGroup section */
		40244A7A2929563900BC2DB0 /* View */ = {
			isa = PBXGroup;
			children = (
				4052BDD0292AA98500DACF65 /* CollectionView */,
				40424428292410BC00FD124C /* HomeViewController.swift */,
				401E32F829296C5C00D9AC7D /* AddAnimalViewController.swift */,
				4052BDC9292A9F4300DACF65 /* AddKeeperViewController.swift */,
				4052BDCD292AA8CD00DACF65 /* KeepersAndAnimalsListViewController.swift */,
			);
			path = View;
			sourceTree = "<group>";
		};
		40244A7B292957C400BC2DB0 /* Model */ = {
			isa = PBXGroup;
			children = (
				40244A7C292957D200BC2DB0 /* Zoo.swift */,
				40244A7E292957DC00BC2DB0 /* Keeper.swift */,
				40244A80292957E400BC2DB0 /* Animal.swift */,
			);
			path = Model;
			sourceTree = "<group>";
		};
		40424418292410BC00FD124C = {
			isa = PBXGroup;
			children = (
				40424423292410BC00FD124C /* ZooSoftware */,
				40424422292410BC00FD124C /* Products */,
			);
			sourceTree = "<group>";
		};
		40424422292410BC00FD124C /* Products */ = {
			isa = PBXGroup;
			children = (
				40424421292410BC00FD124C /* ZooSoftware.app */,
			);
			name = Products;
			sourceTree = "<group>";
		};
		40424423292410BC00FD124C /* ZooSoftware */ = {
			isa = PBXGroup;
			children = (
				40244A7B292957C400BC2DB0 /* Model */,
				40244A7A2929563900BC2DB0 /* View */,
				40424424292410BC00FD124C /* AppDelegate.swift */,
				40424426292410BC00FD124C /* SceneDelegate.swift */,
				4042442A292410BC00FD124C /* Main.storyboard */,
				4042442D292410BD00FD124C /* Assets.xcassets */,
				4042442F292410BD00FD124C /* LaunchScreen.storyboard */,
				40424432292410BD00FD124C /* Info.plist */,
			);
			path = ZooSoftware;
			sourceTree = "<group>";
		};
		4052BDD0292AA98500DACF65 /* CollectionView */ = {
			isa = PBXGroup;
			children = (
				4052BDD1292AA9A900DACF65 /* CollectionViewCell.swift */,
				4052BDD2292AA9A900DACF65 /* CollectionViewCell.xib */,
			);
			path = CollectionView;
			sourceTree = "<group>";
		};
/* End PBXGroup section */

/* Begin PBXNativeTarget section */
		40424420292410BC00FD124C /* ZooSoftware */ = {
			isa = PBXNativeTarget;
			buildConfigurationList = 40424435292410BD00FD124C /* Build configuration list for PBXNativeTarget "ZooSoftware" */;
			buildPhases = (
				4042441D292410BC00FD124C /* Sources */,
				4042441E292410BC00FD124C /* Frameworks */,
				4042441F292410BC00FD124C /* Resources */,
			);
			buildRules = (
			);
			dependencies = (
			);
			name = ZooSoftware;
			productName = ZooSoftware;
			productReference = 40424421292410BC00FD124C /* ZooSoftware.app */;
			productType = "com.apple.product-type.application";
		};
/* End PBXNativeTarget section */

/* Begin PBXProject section */
		40424419292410BC00FD124C /* Project object */ = {
			isa = PBXProject;
			attributes = {
				BuildIndependentTargetsInParallel = 1;
				LastSwiftUpdateCheck = 1340;
				LastUpgradeCheck = 1340;
				TargetAttributes = {
					40424420292410BC00FD124C = {
						CreatedOnToolsVersion = 13.4.1;
					};
				};
			};
			buildConfigurationList = 4042441C292410BC00FD124C /* Build configuration list for PBXProject "ZooSoftware" */;
			compatibilityVersion = "Xcode 13.0";
			developmentRegion = en;
			hasScannedForEncodings = 0;
			knownRegions = (
				en,
				Base,
			);
			mainGroup = 40424418292410BC00FD124C;
			productRefGroup = 40424422292410BC00FD124C /* Products */;
			projectDirPath = "";
			projectRoot = "";
			targets = (
				40424420292410BC00FD124C /* ZooSoftware */,
			);
		};
/* End PBXProject section */

/* Begin PBXResourcesBuildPhase section */
		4042441F292410BC00FD124C /* Resources */ = {
			isa = PBXResourcesBuildPhase;
			buildActionMask = 2147483647;
			files = (
				40424431292410BD00FD124C /* LaunchScreen.storyboard in Resources */,
				4042442E292410BD00FD124C /* Assets.xcassets in Resources */,
				4052BDD4292AA9A900DACF65 /* CollectionViewCell.xib in Resources */,
				4042442C292410BC00FD124C /* Main.storyboard in Resources */,
			);
			runOnlyForDeploymentPostprocessing = 0;
		};
/* End PBXResourcesBuildPhase section */

/* Begin PBXSourcesBuildPhase section */
		4042441D292410BC00FD124C /* Sources */ = {
			isa = PBXSourcesBuildPhase;
			buildActionMask = 2147483647;
			files = (
				4052BDD3292AA9A900DACF65 /* CollectionViewCell.swift in Sources */,
				4052BDCE292AA8CD00DACF65 /* KeepersAndAnimalsListViewController.swift in Sources */,
				40244A7D292957D200BC2DB0 /* Zoo.swift in Sources */,
				40424429292410BC00FD124C /* HomeViewController.swift in Sources */,
				40424425292410BC00FD124C /* AppDelegate.swift in Sources */,
				40424427292410BC00FD124C /* SceneDelegate.swift in Sources */,
				4052BDCA292A9F4300DACF65 /* AddKeeperViewController.swift in Sources */,
				40244A7F292957DC00BC2DB0 /* Keeper.swift in Sources */,
				40244A81292957E400BC2DB0 /* Animal.swift in Sources */,
				401E32F929296C5C00D9AC7D /* AddAnimalViewController.swift in Sources */,
			);
			runOnlyForDeploymentPostprocessing = 0;
		};
/* End PBXSourcesBuildPhase section */

/* Begin PBXVariantGroup section */
		4042442A292410BC00FD124C /* Main.storyboard */ = {
			isa = PBXVariantGroup;
			children = (
				4042442B292410BC00FD124C /* Base */,
			);
			name = Main.storyboard;
			sourceTree = "<group>";
		};
		4042442F292410BD00FD124C /* LaunchScreen.storyboard */ = {
			isa = PBXVariantGroup;
			children = (
				40424430292410BD00FD124C /* Base */,
			);
			name = LaunchScreen.storyboard;
			sourceTree = "<group>";
		};
/* End PBXVariantGroup section */

/* Begin XCBuildConfiguration section */
		40424433292410BD00FD124C /* Debug */ = {
			isa = XCBuildConfiguration;
			buildSettings = {
				ALWAYS_SEARCH_USER_PATHS = NO;
				CLANG_ANALYZER_NONNULL = YES;
				CLANG_ANALYZER_NUMBER_OBJECT_CONVERSION = YES_AGGRESSIVE;
				CLANG_CXX_LANGUAGE_STANDARD = "gnu++17";
				CLANG_ENABLE_MODULES = YES;
				CLANG_ENABLE_OBJC_ARC = YES;
				CLANG_ENABLE_OBJC_WEAK = YES;
				CLANG_WARN_BLOCK_CAPTURE_AUTORELEASING = YES;
				CLANG_WARN_BOOL_CONVERSION = YES;
				CLANG_WARN_COMMA = YES;
				CLANG_WARN_CONSTANT_CONVERSION = YES;
				CLANG_WARN_DEPRECATED_OBJC_IMPLEMENTATIONS = YES;
				CLANG_WARN_DIRECT_OBJC_ISA_USAGE = YES_ERROR;
				CLANG_WARN_DOCUMENTATION_COMMENTS = YES;
				CLANG_WARN_EMPTY_BODY = YES;
				CLANG_WARN_ENUM_CONVERSION = YES;
				CLANG_WARN_INFINITE_RECURSION = YES;
				CLANG_WARN_INT_CONVERSION = YES;
				CLANG_WARN_NON_LITERAL_NULL_CONVERSION = YES;
				CLANG_WARN_OBJC_IMPLICIT_RETAIN_SELF = YES;
				CLANG_WARN_OBJC_LITERAL_CONVERSION = YES;
				CLANG_WARN_OBJC_ROOT_CLASS = YES_ERROR;
				CLANG_WARN_QUOTED_INCLUDE_IN_FRAMEWORK_HEADER = YES;
				CLANG_WARN_RANGE_LOOP_ANALYSIS = YES;
				CLANG_WARN_STRICT_PROTOTYPES = YES;
				CLANG_WARN_SUSPICIOUS_MOVE = YES;
				CLANG_WARN_UNGUARDED_AVAILABILITY = YES_AGGRESSIVE;
				CLANG_WARN_UNREACHABLE_CODE = YES;
				CLANG_WARN__DUPLICATE_METHOD_MATCH = YES;
				COPY_PHASE_STRIP = NO;
				DEBUG_INFORMATION_FORMAT = dwarf;
				ENABLE_STRICT_OBJC_MSGSEND = YES;
				ENABLE_TESTABILITY = YES;
				GCC_C_LANGUAGE_STANDARD = gnu11;
				GCC_DYNAMIC_NO_PIC = NO;
				GCC_NO_COMMON_BLOCKS = YES;
				GCC_OPTIMIZATION_LEVEL = 0;
				GCC_PREPROCESSOR_DEFINITIONS = (
					"DEBUG=1",
					"$(inherited)",
				);
				GCC_WARN_64_TO_32_BIT_CONVERSION = YES;
				GCC_WARN_ABOUT_RETURN_TYPE = YES_ERROR;
				GCC_WARN_UNDECLARED_SELECTOR = YES;
				GCC_WARN_UNINITIALIZED_AUTOS = YES_AGGRESSIVE;
				GCC_WARN_UNUSED_FUNCTION = YES;
				GCC_WARN_UNUSED_VARIABLE = YES;
				IPHONEOS_DEPLOYMENT_TARGET = 15.5;
				MTL_ENABLE_DEBUG_INFO = INCLUDE_SOURCE;
				MTL_FAST_MATH = YES;
				ONLY_ACTIVE_ARCH = YES;
				SDKROOT = iphoneos;
				SWIFT_ACTIVE_COMPILATION_CONDITIONS = DEBUG;
				SWIFT_OPTIMIZATION_LEVEL = "-Onone";
			};
			name = Debug;
		};
		40424434292410BD00FD124C /* Release */ = {
			isa = XCBuildConfiguration;
			buildSettings = {
				ALWAYS_SEARCH_USER_PATHS = NO;
				CLANG_ANALYZER_NONNULL = YES;
				CLANG_ANALYZER_NUMBER_OBJECT_CONVERSION = YES_AGGRESSIVE;
				CLANG_CXX_LANGUAGE_STANDARD = "gnu++17";
				CLANG_ENABLE_MODULES = YES;
				CLANG_ENABLE_OBJC_ARC = YES;
				CLANG_ENABLE_OBJC_WEAK = YES;
				CLANG_WARN_BLOCK_CAPTURE_AUTORELEASING = YES;
				CLANG_WARN_BOOL_CONVERSION = YES;
				CLANG_WARN_COMMA = YES;
				CLANG_WARN_CONSTANT_CONVERSION = YES;
				CLANG_WARN_DEPRECATED_OBJC_IMPLEMENTATIONS = YES;
				CLANG_WARN_DIRECT_OBJC_ISA_USAGE = YES_ERROR;
				CLANG_WARN_DOCUMENTATION_COMMENTS = YES;
				CLANG_WARN_EMPTY_BODY = YES;
				CLANG_WARN_ENUM_CONVERSION = YES;
				CLANG_WARN_INFINITE_RECURSION = YES;
				CLANG_WARN_INT_CONVERSION = YES;
				CLANG_WARN_NON_LITERAL_NULL_CONVERSION = YES;
				CLANG_WARN_OBJC_IMPLICIT_RETAIN_SELF = YES;
				CLANG_WARN_OBJC_LITERAL_CONVERSION = YES;
				CLANG_WARN_OBJC_ROOT_CLASS = YES_ERROR;
				CLANG_WARN_QUOTED_INCLUDE_IN_FRAMEWORK_HEADER = YES;
				CLANG_WARN_RANGE_LOOP_ANALYSIS = YES;
				CLANG_WARN_STRICT_PROTOTYPES = YES;
				CLANG_WARN_SUSPICIOUS_MOVE = YES;
				CLANG_WARN_UNGUARDED_AVAILABILITY = YES_AGGRESSIVE;
				CLANG_WARN_UNREACHABLE_CODE = YES;
				CLANG_WARN__DUPLICATE_METHOD_MATCH = YES;
				COPY_PHASE_STRIP = NO;
				DEBUG_INFORMATION_FORMAT = "dwarf-with-dsym";
				ENABLE_NS_ASSERTIONS = NO;
				ENABLE_STRICT_OBJC_MSGSEND = YES;
				GCC_C_LANGUAGE_STANDARD = gnu11;
				GCC_NO_COMMON_BLOCKS = YES;
				GCC_WARN_64_TO_32_BIT_CONVERSION = YES;
				GCC_WARN_ABOUT_RETURN_TYPE = YES_ERROR;
				GCC_WARN_UNDECLARED_SELECTOR = YES;
				GCC_WARN_UNINITIALIZED_AUTOS = YES_AGGRESSIVE;
				GCC_WARN_UNUSED_FUNCTION = YES;
				GCC_WARN_UNUSED_VARIABLE = YES;
				IPHONEOS_DEPLOYMENT_TARGET = 15.5;
				MTL_ENABLE_DEBUG_INFO = NO;
				MTL_FAST_MATH = YES;
				SDKROOT = iphoneos;
				SWIFT_COMPILATION_MODE = wholemodule;
				SWIFT_OPTIMIZATION_LEVEL = "-O";
				VALIDATE_PRODUCT = YES;
			};
			name = Release;
		};
		40424436292410BD00FD124C /* Debug */ = {
			isa = XCBuildConfiguration;
			buildSettings = {
				ASSETCATALOG_COMPILER_APPICON_NAME = AppIcon;
				ASSETCATALOG_COMPILER_GLOBAL_ACCENT_COLOR_NAME = AccentColor;
				CODE_SIGN_STYLE = Automatic;
				CURRENT_PROJECT_VERSION = 1;
				DEVELOPMENT_TEAM = 32UYWBQW54;
				GENERATE_INFOPLIST_FILE = YES;
				INFOPLIST_FILE = ZooSoftware/Info.plist;
				INFOPLIST_KEY_UIApplicationSupportsIndirectInputEvents = YES;
				INFOPLIST_KEY_UILaunchStoryboardName = LaunchScreen;
				INFOPLIST_KEY_UIMainStoryboardFile = Main;
				INFOPLIST_KEY_UISupportedInterfaceOrientations_iPad = "UIInterfaceOrientationPortrait UIInterfaceOrientationPortraitUpsideDown UIInterfaceOrientationLandscapeLeft UIInterfaceOrientationLandscapeRight";
				INFOPLIST_KEY_UISupportedInterfaceOrientations_iPhone = "UIInterfaceOrientationPortrait UIInterfaceOrientationLandscapeLeft UIInterfaceOrientationLandscapeRight";
				IPHONEOS_DEPLOYMENT_TARGET = 13.0;
				LD_RUNPATH_SEARCH_PATHS = (
					"$(inherited)",
					"@executable_path/Frameworks",
				);
				MARKETING_VERSION = 1.0;
				PRODUCT_BUNDLE_IDENTIFIER = hasanuysal.ZooSoftware;
				PRODUCT_NAME = "$(TARGET_NAME)";
				SWIFT_EMIT_LOC_STRINGS = YES;
				SWIFT_VERSION = 5.0;
				TARGETED_DEVICE_FAMILY = 1;
			};
			name = Debug;
		};
		40424437292410BD00FD124C /* Release */ = {
			isa = XCBuildConfiguration;
			buildSettings = {
				ASSETCATALOG_COMPILER_APPICON_NAME = AppIcon;
				ASSETCATALOG_COMPILER_GLOBAL_ACCENT_COLOR_NAME = AccentColor;
				CODE_SIGN_STYLE = Automatic;
				CURRENT_PROJECT_VERSION = 1;
				DEVELOPMENT_TEAM = 32UYWBQW54;
				GENERATE_INFOPLIST_FILE = YES;
				INFOPLIST_FILE = ZooSoftware/Info.plist;
				INFOPLIST_KEY_UIApplicationSupportsIndirectInputEvents = YES;
				INFOPLIST_KEY_UILaunchStoryboardName = LaunchScreen;
				INFOPLIST_KEY_UIMainStoryboardFile = Main;
				INFOPLIST_KEY_UISupportedInterfaceOrientations_iPad = "UIInterfaceOrientationPortrait UIInterfaceOrientationPortraitUpsideDown UIInterfaceOrientationLandscapeLeft UIInterfaceOrientationLandscapeRight";
				INFOPLIST_KEY_UISupportedInterfaceOrientations_iPhone = "UIInterfaceOrientationPortrait UIInterfaceOrientationLandscapeLeft UIInterfaceOrientationLandscapeRight";
				IPHONEOS_DEPLOYMENT_TARGET = 13.0;
				LD_RUNPATH_SEARCH_PATHS = (
					"$(inherited)",
					"@executable_path/Frameworks",
				);
				MARKETING_VERSION = 1.0;
				PRODUCT_BUNDLE_IDENTIFIER = hasanuysal.ZooSoftware;
				PRODUCT_NAME = "$(TARGET_NAME)";
				SWIFT_EMIT_LOC_STRINGS = YES;
				SWIFT_VERSION = 5.0;
				TARGETED_DEVICE_FAMILY = 1;
			};
			name = Release;
		};
/* End XCBuildConfiguration section */

/* Begin XCConfigurationList section */
		4042441C292410BC00FD124C /* Build configuration list for PBXProject "ZooSoftware" */ = {
			isa = XCConfigurationList;
			buildConfigurations = (
				40424433292410BD00FD124C /* Debug */,
				40424434292410BD00FD124C /* Release */,
			);
			defaultConfigurationIsVisible = 0;
			defaultConfigurationName = Release;
		};
		40424435292410BD00FD124C /* Build configuration list for PBXNativeTarget "ZooSoftware" */ = {
			isa = XCConfigurationList;
			buildConfigurations = (
				40424436292410BD00FD124C /* Debug */,
				40424437292410BD00FD124C /* Release */,
			);
			defaultConfigurationIsVisible = 0;
			defaultConfigurationName = Release;
		};
/* End XCConfigurationList section */
	};
	rootObject = 40424419292410BC00FD124C /* Project object */;
}
